
Microsoft Visual Studio Solution File, Format Version 12.00
# Visual Studio Version 17
VisualStudioVersion = 17.1.32421.90
MinimumVisualStudioVersion = 10.0.40219.1
Project("{FAE04EC0-301F-11D3-BF4B-00C04F79EFBC}") = "Csharp-Es01", "Csharp-Es01.csproj", "{62E94849-0811-4EBC-8FF0-0DB79981A55E}"
EndProject
Global
	GlobalSection(SolutionConfigurationPlatforms) = preSolution
		Debug|Any CPU = Debug|Any CPU
		Release|Any CPU = Release|Any CPU
	EndGlobalSection
	GlobalSection(ProjectConfigurationPlatforms) = postSolution
		{62E94849-0811-4EBC-8FF0-0DB79981A55E}.Debug|Any CPU.ActiveCfg = Debug|Any CPU
		{62E94849-0811-4EBC-8FF0-0DB79981A55E}.Debug|Any CPU.Build.0 = Debug|Any CPU
		{62E94849-0811-4EBC-8FF0-0DB79981A55E}.Release|Any CPU.ActiveCfg = Release|Any CPU
		{62E94849-0811-4EBC-8FF0-0DB79981A55E}.Release|Any CPU.Build.0 = Release|Any CPU
	EndGlobalSection
	GlobalSection(SolutionProperties) = preSolution
		HideSolutionNode = FALSE
	EndGlobalSection
	GlobalSection(ExtensibilityGlobals) = postSolution
		SolutionGuid = {11CC0E60-F87E-43C9-86F5-D5BF7A0CFE0C}
	EndGlobalSection
EndGlobal
